
Microsoft Visual Studio Solution File, Format Version 12.00
# Visual Studio Version 16
VisualStudioVersion = 16.0.31410.357
MinimumVisualStudioVersion = 10.0.40219.1
Project("{9A19103F-16F7-4668-BE54-9A1E7A4F7556}") = "GroveAirlines", "GroveAirlines\GroveAirlines.csproj", "{91906DFF-99A2-4799-8E34-27D7E1627F15}"
EndProject
Project("{FAE04EC0-301F-11D3-BF4B-00C04F79EFBC}") = "GroveAirlines_Tests", "GroveAirlines_Tests\GroveAirlines_Tests.csproj", "{3ADFA77D-3C83-454B-94CA-D957F461D520}"
EndProject
Global
	GlobalSection(SolutionConfigurationPlatforms) = preSolution
		Debug|Any CPU = Debug|Any CPU
		Release|Any CPU = Release|Any CPU
	EndGlobalSection
	GlobalSection(ProjectConfigurationPlatforms) = postSolution
		{91906DFF-99A2-4799-8E34-27D7E1627F15}.Debug|Any CPU.ActiveCfg = Debug|Any CPU
		{91906DFF-99A2-4799-8E34-27D7E1627F15}.Debug|Any CPU.Build.0 = Debug|Any CPU
		{91906DFF-99A2-4799-8E34-27D7E1627F15}.Release|Any CPU.ActiveCfg = Release|Any CPU
		{91906DFF-99A2-4799-8E34-27D7E1627F15}.Release|Any CPU.Build.0 = Release|Any CPU
		{3ADFA77D-3C83-454B-94CA-D957F461D520}.Debug|Any CPU.ActiveCfg = Debug|Any CPU
		{3ADFA77D-3C83-454B-94CA-D957F461D520}.Debug|Any CPU.Build.0 = Debug|Any CPU
		{3ADFA77D-3C83-454B-94CA-D957F461D520}.Release|Any CPU.ActiveCfg = Release|Any CPU
		{3ADFA77D-3C83-454B-94CA-D957F461D520}.Release|Any CPU.Build.0 = Release|Any CPU
	EndGlobalSection
	GlobalSection(SolutionProperties) = preSolution
		HideSolutionNode = FALSE
	EndGlobalSection
	GlobalSection(ExtensibilityGlobals) = postSolution
		SolutionGuid = {81A4DA1B-5346-4C82-AC9A-1D0521E7AB8C}
	EndGlobalSection
EndGlobal
